
Microsoft Visual Studio Solution File, Format Version 12.00
# Visual Studio Version 17
VisualStudioVersion = 17.8.34525.116
MinimumVisualStudioVersion = 10.0.40219.1
Project("{2150E333-8FDC-42A3-9474-1A3956D46DE8}") = "Microservices", "Microservices", "{B88D287D-0BCB-408E-BB8D-8B1CEA88CE9B}"
EndProject
Project("{2150E333-8FDC-42A3-9474-1A3956D46DE8}") = "Domain", "Domain", "{D7F0EE4F-5C97-40FC-9DF3-3EAA2BB34A09}"
EndProject
Project("{2150E333-8FDC-42A3-9474-1A3956D46DE8}") = "Infrastructure.Bus", "Infrastructure.Bus", "{889B130D-3E28-4FEA-A70E-A1ADF79B8FF9}"
EndProject
Project("{2150E333-8FDC-42A3-9474-1A3956D46DE8}") = "Infrastructure.IoC", "Infrastructure.IoC", "{00B4A864-17CD-4EDA-8579-FCEA7FA2928B}"
EndProject
Project("{2150E333-8FDC-42A3-9474-1A3956D46DE8}") = "Presentation", "Presentation", "{32EC43B3-5DE4-4E7E-82D8-A8F1E2CB5204}"
EndProject
Project("{9A19103F-16F7-4668-BE54-9A1E7A4F7556}") = "MicroRabbit.Domain.Core", "MicroRabbit.Domain.Core\MicroRabbit.Domain.Core.csproj", "{EFD13046-D301-472A-BB54-E0D9FC105C07}"
EndProject
Project("{9A19103F-16F7-4668-BE54-9A1E7A4F7556}") = "MicroRabbit.Infrastructure.Bus", "MicroRabbit.Infrastructure.Bus\MicroRabbit.Infrastructure.Bus.csproj", "{C38877F4-67BE-4BE1-B7BC-ECB993B3DD17}"
EndProject
Project("{9A19103F-16F7-4668-BE54-9A1E7A4F7556}") = "MicroRabbit.Infrastructure.IoC", "MicroRabbit.Infrastructure.IoC\MicroRabbit.Infrastructure.IoC.csproj", "{EDB53302-B3D8-467A-BE72-82A63BABE9A7}"
EndProject
Project("{2150E333-8FDC-42A3-9474-1A3956D46DE8}") = "Banking", "Banking", "{17916FF1-F670-4000-A59D-225AFBAB0A29}"
EndProject
Project("{2150E333-8FDC-42A3-9474-1A3956D46DE8}") = "Api", "Api", "{D00159F0-0DD7-4126-8C9C-B1FEA24289F5}"
EndProject
Project("{2150E333-8FDC-42A3-9474-1A3956D46DE8}") = "Domain", "Domain", "{0748B82B-B41A-4FAB-AA0C-66EA88A3A553}"
EndProject
Project("{2150E333-8FDC-42A3-9474-1A3956D46DE8}") = "Application", "Application", "{480C450C-C492-4D06-9D60-0C8D459F9842}"
EndProject
Project("{2150E333-8FDC-42A3-9474-1A3956D46DE8}") = "Data", "Data", "{0A6C5F07-A994-491F-B8AD-C725FB71C894}"
EndProject
Project("{9A19103F-16F7-4668-BE54-9A1E7A4F7556}") = "MicroRabbit.Banking.Api", "MicroRabbit.Banking.Api\MicroRabbit.Banking.Api.csproj", "{7D7D213D-C7AE-487D-8B4B-0C250957844E}"
EndProject
Project("{9A19103F-16F7-4668-BE54-9A1E7A4F7556}") = "MicroRabbit.Banking.Application", "MicroRabbit.Banking.Application\MicroRabbit.Banking.Application.csproj", "{EBD0DFCE-33FF-48CE-AB61-DD2448D578BE}"
EndProject
Project("{9A19103F-16F7-4668-BE54-9A1E7A4F7556}") = "MicroRabbit.Banking.Data", "MicroRabbit.Banking.Data\MicroRabbit.Banking.Data.csproj", "{092E54BF-22BF-4E1E-8389-D75A4E3F4E8B}"
EndProject
Project("{9A19103F-16F7-4668-BE54-9A1E7A4F7556}") = "MicroRabbit.Banking.Domain", "MicroRabbit.Banking.Domain\MicroRabbit.Banking.Domain.csproj", "{D4C169CC-E026-4833-81D1-E6E1F0FF79A0}"
EndProject
Project("{2150E333-8FDC-42A3-9474-1A3956D46DE8}") = "Transfer", "Transfer", "{4613C3FF-A29F-406C-8299-1AD514CA6257}"
EndProject
Project("{2150E333-8FDC-42A3-9474-1A3956D46DE8}") = "Api", "Api", "{6385B101-C771-428B-A8C5-C874FBE911A6}"
EndProject
Project("{2150E333-8FDC-42A3-9474-1A3956D46DE8}") = "Application", "Application", "{3DEC47DA-135F-4566-92BA-CC17F32F5681}"
EndProject
Project("{2150E333-8FDC-42A3-9474-1A3956D46DE8}") = "Data", "Data", "{227864AE-D279-49B5-BF7D-26AC74B027F3}"
EndProject
Project("{2150E333-8FDC-42A3-9474-1A3956D46DE8}") = "Domain", "Domain", "{0BA568BE-0A9E-4E2C-BC74-0DBF890A49CA}"
EndProject
Project("{9A19103F-16F7-4668-BE54-9A1E7A4F7556}") = "MicroRabbit.Transfer.Api", "MicroRabbit.Transfer.Api\MicroRabbit.Transfer.Api.csproj", "{7B151855-F188-4835-9951-C8CBBA5D5C94}"
EndProject
Project("{9A19103F-16F7-4668-BE54-9A1E7A4F7556}") = "MicroRabbit.Transfer.Application", "MicroRabbit.Transfer.Application\MicroRabbit.Transfer.Application.csproj", "{D9DA1E81-CF3E-445B-A289-79749564D7FC}"
EndProject
Project("{9A19103F-16F7-4668-BE54-9A1E7A4F7556}") = "MicroRabbit.Transfer.Data", "MicroRabbit.Transfer.Data\MicroRabbit.Transfer.Data.csproj", "{A59BFD7A-945E-4F4C-A17E-BF754800C559}"
EndProject
Project("{9A19103F-16F7-4668-BE54-9A1E7A4F7556}") = "MicroRabbit.Transfer.Domain", "MicroRabbit.Transfer.Domain\MicroRabbit.Transfer.Domain.csproj", "{3E594E88-EDEE-4456-9E91-1096999A9616}"
EndProject
Project("{FAE04EC0-301F-11D3-BF4B-00C04F79EFBC}") = "MicroRabbit.MVC", "MicroRabbit.MVC\MicroRabbit.MVC.csproj", "{9E2D8DF3-2E32-4EF8-96FE-8974716A4429}"
EndProject
Global
	GlobalSection(SolutionConfigurationPlatforms) = preSolution
		Debug|Any CPU = Debug|Any CPU
		Release|Any CPU = Release|Any CPU
	EndGlobalSection
	GlobalSection(ProjectConfigurationPlatforms) = postSolution
		{EFD13046-D301-472A-BB54-E0D9FC105C07}.Debug|Any CPU.ActiveCfg = Debug|Any CPU
		{EFD13046-D301-472A-BB54-E0D9FC105C07}.Debug|Any CPU.Build.0 = Debug|Any CPU
		{EFD13046-D301-472A-BB54-E0D9FC105C07}.Release|Any CPU.ActiveCfg = Release|Any CPU
		{EFD13046-D301-472A-BB54-E0D9FC105C07}.Release|Any CPU.Build.0 = Release|Any CPU
		{C38877F4-67BE-4BE1-B7BC-ECB993B3DD17}.Debug|Any CPU.ActiveCfg = Debug|Any CPU
		{C38877F4-67BE-4BE1-B7BC-ECB993B3DD17}.Debug|Any CPU.Build.0 = Debug|Any CPU
		{C38877F4-67BE-4BE1-B7BC-ECB993B3DD17}.Release|Any CPU.ActiveCfg = Release|Any CPU
		{C38877F4-67BE-4BE1-B7BC-ECB993B3DD17}.Release|Any CPU.Build.0 = Release|Any CPU
		{EDB53302-B3D8-467A-BE72-82A63BABE9A7}.Debug|Any CPU.ActiveCfg = Debug|Any CPU
		{EDB53302-B3D8-467A-BE72-82A63BABE9A7}.Debug|Any CPU.Build.0 = Debug|Any CPU
		{EDB53302-B3D8-467A-BE72-82A63BABE9A7}.Release|Any CPU.ActiveCfg = Release|Any CPU
		{EDB53302-B3D8-467A-BE72-82A63BABE9A7}.Release|Any CPU.Build.0 = Release|Any CPU
		{7D7D213D-C7AE-487D-8B4B-0C250957844E}.Debug|Any CPU.ActiveCfg = Debug|Any CPU
		{7D7D213D-C7AE-487D-8B4B-0C250957844E}.Debug|Any CPU.Build.0 = Debug|Any CPU
		{7D7D213D-C7AE-487D-8B4B-0C250957844E}.Release|Any CPU.ActiveCfg = Release|Any CPU
		{7D7D213D-C7AE-487D-8B4B-0C250957844E}.Release|Any CPU.Build.0 = Release|Any CPU
		{EBD0DFCE-33FF-48CE-AB61-DD2448D578BE}.Debug|Any CPU.ActiveCfg = Debug|Any CPU
		{EBD0DFCE-33FF-48CE-AB61-DD2448D578BE}.Debug|Any CPU.Build.0 = Debug|Any CPU
		{EBD0DFCE-33FF-48CE-AB61-DD2448D578BE}.Release|Any CPU.ActiveCfg = Release|Any CPU
		{EBD0DFCE-33FF-48CE-AB61-DD2448D578BE}.Release|Any CPU.Build.0 = Release|Any CPU
		{092E54BF-22BF-4E1E-8389-D75A4E3F4E8B}.Debug|Any CPU.ActiveCfg = Debug|Any CPU
		{092E54BF-22BF-4E1E-8389-D75A4E3F4E8B}.Debug|Any CPU.Build.0 = Debug|Any CPU
		{092E54BF-22BF-4E1E-8389-D75A4E3F4E8B}.Release|Any CPU.ActiveCfg = Release|Any CPU
		{092E54BF-22BF-4E1E-8389-D75A4E3F4E8B}.Release|Any CPU.Build.0 = Release|Any CPU
		{D4C169CC-E026-4833-81D1-E6E1F0FF79A0}.Debug|Any CPU.ActiveCfg = Debug|Any CPU
		{D4C169CC-E026-4833-81D1-E6E1F0FF79A0}.Debug|Any CPU.Build.0 = Debug|Any CPU
		{D4C169CC-E026-4833-81D1-E6E1F0FF79A0}.Release|Any CPU.ActiveCfg = Release|Any CPU
		{D4C169CC-E026-4833-81D1-E6E1F0FF79A0}.Release|Any CPU.Build.0 = Release|Any CPU
		{7B151855-F188-4835-9951-C8CBBA5D5C94}.Debug|Any CPU.ActiveCfg = Debug|Any CPU
		{7B151855-F188-4835-9951-C8CBBA5D5C94}.Debug|Any CPU.Build.0 = Debug|Any CPU
		{7B151855-F188-4835-9951-C8CBBA5D5C94}.Release|Any CPU.ActiveCfg = Release|Any CPU
		{7B151855-F188-4835-9951-C8CBBA5D5C94}.Release|Any CPU.Build.0 = Release|Any CPU
		{D9DA1E81-CF3E-445B-A289-79749564D7FC}.Debug|Any CPU.ActiveCfg = Debug|Any CPU
		{D9DA1E81-CF3E-445B-A289-79749564D7FC}.Debug|Any CPU.Build.0 = Debug|Any CPU
		{D9DA1E81-CF3E-445B-A289-79749564D7FC}.Release|Any CPU.ActiveCfg = Release|Any CPU
		{D9DA1E81-CF3E-445B-A289-79749564D7FC}.Release|Any CPU.Build.0 = Release|Any CPU
		{A59BFD7A-945E-4F4C-A17E-BF754800C559}.Debug|Any CPU.ActiveCfg = Debug|Any CPU
		{A59BFD7A-945E-4F4C-A17E-BF754800C559}.Debug|Any CPU.Build.0 = Debug|Any CPU
		{A59BFD7A-945E-4F4C-A17E-BF754800C559}.Release|Any CPU.ActiveCfg = Release|Any CPU
		{A59BFD7A-945E-4F4C-A17E-BF754800C559}.Release|Any CPU.Build.0 = Release|Any CPU
		{3E594E88-EDEE-4456-9E91-1096999A9616}.Debug|Any CPU.ActiveCfg = Debug|Any CPU
		{3E594E88-EDEE-4456-9E91-1096999A9616}.Debug|Any CPU.Build.0 = Debug|Any CPU
		{3E594E88-EDEE-4456-9E91-1096999A9616}.Release|Any CPU.ActiveCfg = Release|Any CPU
		{3E594E88-EDEE-4456-9E91-1096999A9616}.Release|Any CPU.Build.0 = Release|Any CPU
		{9E2D8DF3-2E32-4EF8-96FE-8974716A4429}.Debug|Any CPU.ActiveCfg = Debug|Any CPU
		{9E2D8DF3-2E32-4EF8-96FE-8974716A4429}.Debug|Any CPU.Build.0 = Debug|Any CPU
		{9E2D8DF3-2E32-4EF8-96FE-8974716A4429}.Release|Any CPU.ActiveCfg = Release|Any CPU
		{9E2D8DF3-2E32-4EF8-96FE-8974716A4429}.Release|Any CPU.Build.0 = Release|Any CPU
	EndGlobalSection
	GlobalSection(SolutionProperties) = preSolution
		HideSolutionNode = FALSE
	EndGlobalSection
	GlobalSection(NestedProjects) = preSolution
		{EFD13046-D301-472A-BB54-E0D9FC105C07} = {D7F0EE4F-5C97-40FC-9DF3-3EAA2BB34A09}
		{C38877F4-67BE-4BE1-B7BC-ECB993B3DD17} = {889B130D-3E28-4FEA-A70E-A1ADF79B8FF9}
		{EDB53302-B3D8-467A-BE72-82A63BABE9A7} = {00B4A864-17CD-4EDA-8579-FCEA7FA2928B}
		{17916FF1-F670-4000-A59D-225AFBAB0A29} = {B88D287D-0BCB-408E-BB8D-8B1CEA88CE9B}
		{D00159F0-0DD7-4126-8C9C-B1FEA24289F5} = {17916FF1-F670-4000-A59D-225AFBAB0A29}
		{0748B82B-B41A-4FAB-AA0C-66EA88A3A553} = {17916FF1-F670-4000-A59D-225AFBAB0A29}
		{480C450C-C492-4D06-9D60-0C8D459F9842} = {17916FF1-F670-4000-A59D-225AFBAB0A29}
		{0A6C5F07-A994-491F-B8AD-C725FB71C894} = {17916FF1-F670-4000-A59D-225AFBAB0A29}
		{7D7D213D-C7AE-487D-8B4B-0C250957844E} = {D00159F0-0DD7-4126-8C9C-B1FEA24289F5}
		{EBD0DFCE-33FF-48CE-AB61-DD2448D578BE} = {480C450C-C492-4D06-9D60-0C8D459F9842}
		{092E54BF-22BF-4E1E-8389-D75A4E3F4E8B} = {0A6C5F07-A994-491F-B8AD-C725FB71C894}
		{D4C169CC-E026-4833-81D1-E6E1F0FF79A0} = {0748B82B-B41A-4FAB-AA0C-66EA88A3A553}
		{4613C3FF-A29F-406C-8299-1AD514CA6257} = {B88D287D-0BCB-408E-BB8D-8B1CEA88CE9B}
		{6385B101-C771-428B-A8C5-C874FBE911A6} = {4613C3FF-A29F-406C-8299-1AD514CA6257}
		{3DEC47DA-135F-4566-92BA-CC17F32F5681} = {4613C3FF-A29F-406C-8299-1AD514CA6257}
		{227864AE-D279-49B5-BF7D-26AC74B027F3} = {4613C3FF-A29F-406C-8299-1AD514CA6257}
		{0BA568BE-0A9E-4E2C-BC74-0DBF890A49CA} = {4613C3FF-A29F-406C-8299-1AD514CA6257}
		{7B151855-F188-4835-9951-C8CBBA5D5C94} = {6385B101-C771-428B-A8C5-C874FBE911A6}
		{D9DA1E81-CF3E-445B-A289-79749564D7FC} = {3DEC47DA-135F-4566-92BA-CC17F32F5681}
		{A59BFD7A-945E-4F4C-A17E-BF754800C559} = {227864AE-D279-49B5-BF7D-26AC74B027F3}
		{3E594E88-EDEE-4456-9E91-1096999A9616} = {0BA568BE-0A9E-4E2C-BC74-0DBF890A49CA}
		{9E2D8DF3-2E32-4EF8-96FE-8974716A4429} = {32EC43B3-5DE4-4E7E-82D8-A8F1E2CB5204}
	EndGlobalSection
	GlobalSection(ExtensibilityGlobals) = postSolution
		SolutionGuid = {A992602F-4708-4A4E-89FB-9A62F5EE02D8}
	EndGlobalSection
EndGlobal
